
Microsoft Visual Studio Solution File, Format Version 12.00
Project("{F2A71F9B-5D33-465A-A702-920D77279786}") = "MiniCrawler", "MiniCrawler\MiniCrawler.fsproj", "{D4B9EF70-EBD9-414F-80DD-8D9E1DE77D31}"
EndProject
Project("{F2A71F9B-5D33-465A-A702-920D77279786}") = "MiniCrawlerTests", "MiniCrawlerTests\MiniCrawlerTests.fsproj", "{BE6554B6-AB57-46FE-B2E1-BE10ED80A35C}"
EndProject
Global
	GlobalSection(SolutionConfigurationPlatforms) = preSolution
		Debug|Any CPU = Debug|Any CPU
		Release|Any CPU = Release|Any CPU
	EndGlobalSection
	GlobalSection(ProjectConfigurationPlatforms) = postSolution
		{D4B9EF70-EBD9-414F-80DD-8D9E1DE77D31}.Debug|Any CPU.ActiveCfg = Debug|Any CPU
		{D4B9EF70-EBD9-414F-80DD-8D9E1DE77D31}.Debug|Any CPU.Build.0 = Debug|Any CPU
		{D4B9EF70-EBD9-414F-80DD-8D9E1DE77D31}.Release|Any CPU.ActiveCfg = Release|Any CPU
		{D4B9EF70-EBD9-414F-80DD-8D9E1DE77D31}.Release|Any CPU.Build.0 = Release|Any CPU
		{BE6554B6-AB57-46FE-B2E1-BE10ED80A35C}.Debug|Any CPU.ActiveCfg = Debug|Any CPU
		{BE6554B6-AB57-46FE-B2E1-BE10ED80A35C}.Debug|Any CPU.Build.0 = Debug|Any CPU
		{BE6554B6-AB57-46FE-B2E1-BE10ED80A35C}.Release|Any CPU.ActiveCfg = Release|Any CPU
		{BE6554B6-AB57-46FE-B2E1-BE10ED80A35C}.Release|Any CPU.Build.0 = Release|Any CPU
	EndGlobalSection
EndGlobal
