
Microsoft Visual Studio Solution File, Format Version 12.00
Project("{F2A71F9B-5D33-465A-A702-920D77279786}") = "PhoneBook", "PhoneBook\PhoneBook.fsproj", "{58E8A870-E647-4790-827B-8175AE7314F8}"
EndProject
Project("{F2A71F9B-5D33-465A-A702-920D77279786}") = "PhoneBookTests", "PhoneBookTests\PhoneBookTests.fsproj", "{B19A94AF-0C0B-4ED2-9EEC-5EE2AFF218CD}"
EndProject
Global
	GlobalSection(SolutionConfigurationPlatforms) = preSolution
		Debug|Any CPU = Debug|Any CPU
		Release|Any CPU = Release|Any CPU
	EndGlobalSection
	GlobalSection(ProjectConfigurationPlatforms) = postSolution
		{58E8A870-E647-4790-827B-8175AE7314F8}.Debug|Any CPU.ActiveCfg = Debug|Any CPU
		{58E8A870-E647-4790-827B-8175AE7314F8}.Debug|Any CPU.Build.0 = Debug|Any CPU
		{58E8A870-E647-4790-827B-8175AE7314F8}.Release|Any CPU.ActiveCfg = Release|Any CPU
		{58E8A870-E647-4790-827B-8175AE7314F8}.Release|Any CPU.Build.0 = Release|Any CPU
		{B19A94AF-0C0B-4ED2-9EEC-5EE2AFF218CD}.Debug|Any CPU.ActiveCfg = Debug|Any CPU
		{B19A94AF-0C0B-4ED2-9EEC-5EE2AFF218CD}.Debug|Any CPU.Build.0 = Debug|Any CPU
		{B19A94AF-0C0B-4ED2-9EEC-5EE2AFF218CD}.Release|Any CPU.ActiveCfg = Release|Any CPU
		{B19A94AF-0C0B-4ED2-9EEC-5EE2AFF218CD}.Release|Any CPU.Build.0 = Release|Any CPU
	EndGlobalSection
EndGlobal
