
Microsoft Visual Studio Solution File, Format Version 12.00
Project("{F2A71F9B-5D33-465A-A702-920D77279786}") = "PrimeSeq", "PrimeSeq\PrimeSeq.fsproj", "{15E3E723-40EF-415B-931E-44EC6BC4A527}"
EndProject
Project("{F2A71F9B-5D33-465A-A702-920D77279786}") = "PrimeSeqTests", "PrimeSeqTests\PrimeSeqTests.fsproj", "{516500EC-3574-4256-A7DD-8122CE35EE93}"
EndProject
Global
	GlobalSection(SolutionConfigurationPlatforms) = preSolution
		Debug|Any CPU = Debug|Any CPU
		Release|Any CPU = Release|Any CPU
	EndGlobalSection
	GlobalSection(ProjectConfigurationPlatforms) = postSolution
		{15E3E723-40EF-415B-931E-44EC6BC4A527}.Debug|Any CPU.ActiveCfg = Debug|Any CPU
		{15E3E723-40EF-415B-931E-44EC6BC4A527}.Debug|Any CPU.Build.0 = Debug|Any CPU
		{15E3E723-40EF-415B-931E-44EC6BC4A527}.Release|Any CPU.ActiveCfg = Release|Any CPU
		{15E3E723-40EF-415B-931E-44EC6BC4A527}.Release|Any CPU.Build.0 = Release|Any CPU
		{516500EC-3574-4256-A7DD-8122CE35EE93}.Debug|Any CPU.ActiveCfg = Debug|Any CPU
		{516500EC-3574-4256-A7DD-8122CE35EE93}.Debug|Any CPU.Build.0 = Debug|Any CPU
		{516500EC-3574-4256-A7DD-8122CE35EE93}.Release|Any CPU.ActiveCfg = Release|Any CPU
		{516500EC-3574-4256-A7DD-8122CE35EE93}.Release|Any CPU.Build.0 = Release|Any CPU
	EndGlobalSection
EndGlobal
